
Microsoft Visual Studio Solution File, Format Version 12.00
# Visual Studio Version 17
VisualStudioVersion = 17.4.33110.190
MinimumVisualStudioVersion = 10.0.40219.1
Project("{9A19103F-16F7-4668-BE54-9A1E7A4F7556}") = "Day1.2", "Day1.2\Day1.2.csproj", "{5699E9AB-AEFE-4D8B-93BA-28E697A4D83F}"
EndProject
Project("{9A19103F-16F7-4668-BE54-9A1E7A4F7556}") = "Day2.1", "Day2.1\Day2.1.csproj", "{E75E3615-F8D8-4EA1-B6B6-70EA8ACBE7E4}"
EndProject
Project("{9A19103F-16F7-4668-BE54-9A1E7A4F7556}") = "Day1.1", "Day1.1\Day1.1.csproj", "{D0F6BAC9-D194-4B14-B2CB-26F5ED2EBEC4}"
EndProject
Project("{FAE04EC0-301F-11D3-BF4B-00C04F79EFBC}") = "Day2.2", "Day2.2\Day2.2.csproj", "{C4F23BE7-803F-4F2F-B520-A9AA87C8AD29}"
EndProject
Project("{FAE04EC0-301F-11D3-BF4B-00C04F79EFBC}") = "Day3.1", "Day3.1\Day3.1.csproj", "{698634B6-A869-4E96-83A7-1E846E8641CA}"
EndProject
Project("{FAE04EC0-301F-11D3-BF4B-00C04F79EFBC}") = "Day3.2", "Day3.2\Day3.2.csproj", "{90D4FB1F-2DB3-42C8-9E36-41ED93179E57}"
EndProject
Project("{FAE04EC0-301F-11D3-BF4B-00C04F79EFBC}") = "Day4.1", "Day4.1\Day4.1.csproj", "{7078FAD6-6DB6-4C6D-BFE8-A89CB625531E}"
EndProject
Project("{FAE04EC0-301F-11D3-BF4B-00C04F79EFBC}") = "Day4.2", "Day4.2\Day4.2.csproj", "{0E7E968A-C7D4-44A2-8221-BCD09831B57E}"
EndProject
Global
	GlobalSection(SolutionConfigurationPlatforms) = preSolution
		Debug|Any CPU = Debug|Any CPU
		Release|Any CPU = Release|Any CPU
	EndGlobalSection
	GlobalSection(ProjectConfigurationPlatforms) = postSolution
		{5699E9AB-AEFE-4D8B-93BA-28E697A4D83F}.Debug|Any CPU.ActiveCfg = Debug|Any CPU
		{5699E9AB-AEFE-4D8B-93BA-28E697A4D83F}.Debug|Any CPU.Build.0 = Debug|Any CPU
		{5699E9AB-AEFE-4D8B-93BA-28E697A4D83F}.Release|Any CPU.ActiveCfg = Release|Any CPU
		{5699E9AB-AEFE-4D8B-93BA-28E697A4D83F}.Release|Any CPU.Build.0 = Release|Any CPU
		{E75E3615-F8D8-4EA1-B6B6-70EA8ACBE7E4}.Debug|Any CPU.ActiveCfg = Debug|Any CPU
		{E75E3615-F8D8-4EA1-B6B6-70EA8ACBE7E4}.Debug|Any CPU.Build.0 = Debug|Any CPU
		{E75E3615-F8D8-4EA1-B6B6-70EA8ACBE7E4}.Release|Any CPU.ActiveCfg = Release|Any CPU
		{E75E3615-F8D8-4EA1-B6B6-70EA8ACBE7E4}.Release|Any CPU.Build.0 = Release|Any CPU
		{D0F6BAC9-D194-4B14-B2CB-26F5ED2EBEC4}.Debug|Any CPU.ActiveCfg = Debug|Any CPU
		{D0F6BAC9-D194-4B14-B2CB-26F5ED2EBEC4}.Debug|Any CPU.Build.0 = Debug|Any CPU
		{D0F6BAC9-D194-4B14-B2CB-26F5ED2EBEC4}.Release|Any CPU.ActiveCfg = Release|Any CPU
		{D0F6BAC9-D194-4B14-B2CB-26F5ED2EBEC4}.Release|Any CPU.Build.0 = Release|Any CPU
		{C4F23BE7-803F-4F2F-B520-A9AA87C8AD29}.Debug|Any CPU.ActiveCfg = Debug|Any CPU
		{C4F23BE7-803F-4F2F-B520-A9AA87C8AD29}.Debug|Any CPU.Build.0 = Debug|Any CPU
		{C4F23BE7-803F-4F2F-B520-A9AA87C8AD29}.Release|Any CPU.ActiveCfg = Release|Any CPU
		{C4F23BE7-803F-4F2F-B520-A9AA87C8AD29}.Release|Any CPU.Build.0 = Release|Any CPU
		{698634B6-A869-4E96-83A7-1E846E8641CA}.Debug|Any CPU.ActiveCfg = Debug|Any CPU
		{698634B6-A869-4E96-83A7-1E846E8641CA}.Debug|Any CPU.Build.0 = Debug|Any CPU
		{698634B6-A869-4E96-83A7-1E846E8641CA}.Release|Any CPU.ActiveCfg = Release|Any CPU
		{698634B6-A869-4E96-83A7-1E846E8641CA}.Release|Any CPU.Build.0 = Release|Any CPU
		{90D4FB1F-2DB3-42C8-9E36-41ED93179E57}.Debug|Any CPU.ActiveCfg = Debug|Any CPU
		{90D4FB1F-2DB3-42C8-9E36-41ED93179E57}.Debug|Any CPU.Build.0 = Debug|Any CPU
		{90D4FB1F-2DB3-42C8-9E36-41ED93179E57}.Release|Any CPU.ActiveCfg = Release|Any CPU
		{90D4FB1F-2DB3-42C8-9E36-41ED93179E57}.Release|Any CPU.Build.0 = Release|Any CPU
		{7078FAD6-6DB6-4C6D-BFE8-A89CB625531E}.Debug|Any CPU.ActiveCfg = Debug|Any CPU
		{7078FAD6-6DB6-4C6D-BFE8-A89CB625531E}.Debug|Any CPU.Build.0 = Debug|Any CPU
		{7078FAD6-6DB6-4C6D-BFE8-A89CB625531E}.Release|Any CPU.ActiveCfg = Release|Any CPU
		{7078FAD6-6DB6-4C6D-BFE8-A89CB625531E}.Release|Any CPU.Build.0 = Release|Any CPU
		{0E7E968A-C7D4-44A2-8221-BCD09831B57E}.Debug|Any CPU.ActiveCfg = Debug|Any CPU
		{0E7E968A-C7D4-44A2-8221-BCD09831B57E}.Debug|Any CPU.Build.0 = Debug|Any CPU
		{0E7E968A-C7D4-44A2-8221-BCD09831B57E}.Release|Any CPU.ActiveCfg = Release|Any CPU
		{0E7E968A-C7D4-44A2-8221-BCD09831B57E}.Release|Any CPU.Build.0 = Release|Any CPU
	EndGlobalSection
	GlobalSection(SolutionProperties) = preSolution
		HideSolutionNode = FALSE
	EndGlobalSection
	GlobalSection(ExtensibilityGlobals) = postSolution
		SolutionGuid = {3C59D056-0FAE-4488-B99C-BC97F0F8E3AB}
	EndGlobalSection
EndGlobal
